
Microsoft Visual Studio Solution File, Format Version 12.00
# Visual Studio 15
VisualStudioVersion = 15.0.28010.2046
MinimumVisualStudioVersion = 10.0.40219.1
Project("{FAE04EC0-301F-11D3-BF4B-00C04F79EFBC}") = "biz.dfch.CS.CodeContracts.Core", "biz.dfch.CS.CodeContracts.Core\biz.dfch.CS.CodeContracts.Core.csproj", "{E8330F68-ED06-436C-9986-662CD62F16BC}"
EndProject
Project("{2150E333-8FDC-42A3-9474-1A3956D46DE8}") = "Release", "Release", "{3A50E9FE-5448-4B09-8BBA-8D1C457A8BA8}"
	ProjectSection(SolutionItems) = preProject
		CommonAssemblySettings.cs = CommonAssemblySettings.cs
	EndProjectSection
EndProject
Project("{FAE04EC0-301F-11D3-BF4B-00C04F79EFBC}") = "biz.dfch.CS.CodeContracts.Core.Tests", "biz.dfch.CS.CodeContracts.Core.Tests\biz.dfch.CS.CodeContracts.Core.Tests.csproj", "{FCDADDDA-5DE5-4A0F-8729-CD8CB2856C64}"
EndProject
Global
	GlobalSection(SolutionConfigurationPlatforms) = preSolution
		Debug|Any CPU = Debug|Any CPU
		Release|Any CPU = Release|Any CPU
	EndGlobalSection
	GlobalSection(ProjectConfigurationPlatforms) = postSolution
		{E8330F68-ED06-436C-9986-662CD62F16BC}.Debug|Any CPU.ActiveCfg = Debug|Any CPU
		{E8330F68-ED06-436C-9986-662CD62F16BC}.Debug|Any CPU.Build.0 = Debug|Any CPU
		{E8330F68-ED06-436C-9986-662CD62F16BC}.Release|Any CPU.ActiveCfg = Release|Any CPU
		{E8330F68-ED06-436C-9986-662CD62F16BC}.Release|Any CPU.Build.0 = Release|Any CPU
		{FCDADDDA-5DE5-4A0F-8729-CD8CB2856C64}.Debug|Any CPU.ActiveCfg = Debug|Any CPU
		{FCDADDDA-5DE5-4A0F-8729-CD8CB2856C64}.Debug|Any CPU.Build.0 = Debug|Any CPU
		{FCDADDDA-5DE5-4A0F-8729-CD8CB2856C64}.Release|Any CPU.ActiveCfg = Release|Any CPU
		{FCDADDDA-5DE5-4A0F-8729-CD8CB2856C64}.Release|Any CPU.Build.0 = Release|Any CPU
	EndGlobalSection
	GlobalSection(SolutionProperties) = preSolution
		HideSolutionNode = FALSE
	EndGlobalSection
	GlobalSection(ExtensibilityGlobals) = postSolution
		SolutionGuid = {6BD75F16-4BC9-4AC9-8EBA-2F1C65B415D8}
	EndGlobalSection
EndGlobal
